github.com/DATA-DOG/go-sqlmock v1.5.2 h1:OcvFkGmslmlZibjAjaHm3L//6LiuBgolP7OputlJIzU=
github.com/DATA-DOG/go-sqlmock v1.5.2/go.mod h1:88MAG/4G7SMwSE3CeA0ZKzrT5CiOU3OJ+JlNzwDqpNU=
github.com/aws/aws-sdk-go-v2 v1.42.0 h1:XvXMJTkFQtpBKIWZnmr9ZEOc2InWM2yldjXEJ/bymhA=
github.com/aws/aws-sdk-go-v2 v1.42.0/go.mod h1:27+ACypSLljLAEKsCYOmrjKh83vuTRkuAe9Uv/3A4bg=
github.com/aws/aws-sdk-go-v2/aws/protocol/eventstream v1.7.13 h1:p1BBrg/Hhp6uK7zpejeI8QFXHJeC/mynzi04Sl03k9g=
github.com/aws/aws-sdk-go-v2/aws/protocol/eventstream v1.7.13/go.mod h1:8cIfkE9MDhkRZGpQ22aV6/lkYeYSozpz16Smrs5x4Ls=
github.com/aws/aws-sdk-go-v2/config v1.32.25 h1:ACCejvStYoilgwrfegSt5ZntCbPrk52qfwyNcnl3omM=
github.com/aws/aws-sdk-go-v2/config v1.32.25/go.mod h1:LJyU8sDRbXUxFn8xMJIGP+v9QYYwveNLI8a/giAOiAs=
github.com/aws/aws-sdk-go-v2/credentials v1.19.24 h1:2hQqYCV9yqyePQ9o6dCrZc/zO8U3TwPr9mIKlZnPu/I=
github.com/aws/aws-sdk-go-v2/credentials v1.19.24/go.mod h1:IDwpACtwqHLISdzfwUUNq4P9DsB/h5BLg4FwJPNfqFY=
github.com/aws/aws-sdk-go-v2/feature/ec2/imds v1.18.29 h1:r6qZHbT+wxgWO/e9vYNUEtg7lv5+UN3pRqKhLXvnArg=
github.com/aws/aws-sdk-go-v2/feature/ec2/imds v1.18.29/go.mod h1:QRnaRcTVGKPGRy8w78HMQtKUGRYcnMZAANATkeVA6Mo=
github.com/aws/aws-sdk-go-v2/internal/configsources v1.4.29 h1:f3vKqSo13fhTYb+JEcXwXefZQE26I1FB5eTSniU67ko=
github.com/aws/aws-sdk-go-v2/internal/configsources v1.4.29/go.mod h1:MzoLFUArKGpGD+ukmPiTPG1X5x4o6M2kq4v2dr1FiEc=
github.com/aws/aws-sdk-go-v2/internal/endpoints/v2 v2.7.29 h1:RdwIf/CuUsvJX3RgJagbOyotl/cxoLY4xviKuE7p2GY=
github.com/aws/aws-sdk-go-v2/internal/endpoints/v2 v2.7.29/go.mod h1:71wt8W2EgswdZy9Mf9KNnzxZ3TiZlv4caKghPktDOkA=
github.com/aws/aws-sdk-go-v2/internal/v4a v1.4.30 h1:VTGy885W5DKBxWRUJbym9hytNaYzsyaPkCHGRRMAOhU=
github.com/aws/aws-sdk-go-v2/internal/v4a v1.4.30/go.mod h1:AS0HycUvJRFvTt613AYDOgO2jzw+00cVSMny8XB3yMY=
github.com/aws/aws-sdk-go-v2/service/account v1.32.4 h1:6m5+oD1ER/nYkUkBCL6BsfFq4BNDU5eEHrErIK817Ug=
github.com/aws/aws-sdk-go-v2/service/account v1.32.4/go.mod h1:K2RMp3RcjXLs7bfmg+sGP/MpTdEhcABzreR8xldpttc=
github.com/aws/aws-sdk-go-v2/service/acm v1.40.0 h1:lbnW2O8j9lC8n3Gf7fHXoacr2sv531LYFK2NXmZ59Kc=
github.com/aws/aws-sdk-go-v2/service/acm v1.40.0/go.mod h1:x7/FCGJIfZYws5dS1K2PPE/puwDrqjvBgGJb154gkmo=
github.com/aws/aws-sdk-go-v2/service/apigateway v1.40.6 h1:5YFiaAmk4x2oPoSVRrETowYULU6cxyIggnkleW6HzdQ=
github.com/aws/aws-sdk-go-v2/service/apigateway v1.40.6/go.mod h1:JwEuqEXQIOoObLDCADjmobWzZbJTSWTypRmrHVqv1j8=
github.com/aws/aws-sdk-go-v2/service/apigatewayv2 v1.35.6 h1:Z7iSsevsu3zWck4hPVB1xbXdDvxNohIeWQm+1M8q+HA=
github.com/aws/aws-sdk-go-v2/service/apigatewayv2 v1.35.6/go.mod h1:WoLzXR3e7cAkUKZAmBTE4k5g5TeHFGAOAyyHD4r33vs=
github.com/aws/aws-sdk-go-v2/service/batch v1.66.0 h1:t3q4PaCfNb9t/A1VYi2TxsQNiBoqulzMP+nWJgvApU0=
github.com/aws/aws-sdk-go-v2/service/batch v1.66.0/go.mod h1:PcfGh6couv2ZOZSSdPqbkXM+RuUrwpxeLqSQC3x7ofc=
github.com/aws/aws-sdk-go-v2/service/cloudformation v1.72.1 h1:vI/iCtlKp8LscUuwiWfTNID18w+naIGXKyWiY5odsZU=
github.com/aws/aws-sdk-go-v2/service/cloudformation v1.72.1/go.mod h1:67kQqAVkI9zNMo9kj1ca5RQvsDczK6xKCXrXn7ObZA8=
github.com/aws/aws-sdk-go-v2/service/cloudfront v1.65.2 h1:zG2KsuGIzgujekjJmRY4tEpqWVpbybdK/Ey+J8MlzTM=
github.com/aws/aws-sdk-go-v2/service/cloudfront v1.65.2/go.mod h1:rVFXjLSku4g0zfriDSkI1sdUGEJAjnmlPDqOnIFGZJ0=
github.com/aws/aws-sdk-go-v2/service/cloudwatch v1.59.0 h1:JOrwHweL6IzRjbDxdjup2YI2QjWa8/h0PGexR8MZpKw=
github.com/aws/aws-sdk-go-v2/service/cloudwatch v1.59.0/go.mod h1:tsfAcBcMTF2G9UirQTP1In3DrkNO16SyUU527NPLPhs=
github.com/aws/aws-sdk-go-v2/service/cloudwatchlogs v1.78.0 h1:6r+3E3bDRGiPm2x5t0eKy5jkAtWtgpwdCHi2dMaZy1c=
github.com/aws/aws-sdk-go-v2/service/cloudwatchlogs v1.78.0/go.mod h1:N336OxQ6TvRbb6V1esVE8PtQFU86YvYaS+lVjsJTmP0=
github.com/aws/aws-sdk-go-v2/service/cognitoidentity v1.34.4 h1:xsQKaFhM90DS2gTAyNhG29xZ2tT/utyCmF1k2G7QJ4g=
github.com/aws/aws-sdk-go-v2/service/cognitoidentity v1.34.4/go.mod h1:bCX6lcNB2cluVdICB1gzNckz2GH3V6lwrD2cVTMo9fY=
github.com/aws/aws-sdk-go-v2/service/cognitoidentityprovider v1.62.0 h1:gkhS82QWXx9E2Y1Mimks8P50JTtlEQGR+bWamli5PE0=
github.com/aws/aws-sdk-go-v2/service/cognitoidentityprovider v1.62.0/go.mod h1:fhiInRlq2MkbUqzDYoWLF+dE/NdEg24s9TML5FcSwhA=
github.com/aws/aws-sdk-go-v2/service/dynamodb v1.59.0 h1:S1qETDbdXKZMYVveuxACCKuRqnAt2NlnmYnlq5SeuMY=
github.com/aws/aws-sdk-go-v2/service/dynamodb v1.59.0/go.mod h1:jLkDwIDBkCIpiENQhAOjAR2L9jwj56mZgVEvuro4gUE=
github.com/aws/aws-sdk-go-v2/service/ec2 v1.308.0 h1:xBP+yWpveXD/PxK7HRMcoG6yj1vdOjSahAg4qPomF+0=
github.com/aws/aws-sdk-go-v2/service/ec2 v1.308.0/go.mod h1:8mrDF7OtbuL0QpwP4YCvLuoOE4/5lL7D33MXgp069/Y=
github.com/aws/aws-sdk-go-v2/service/ecr v1.58.4 h1:fo6cmbxkKq/OtKUG0sK70fDsYjtKuSkjIQZUJwt24YM=
github.com/aws/aws-sdk-go-v2/service/ecr v1.58.4/go.mod h1:7VJFM2lSPHz2I1rRb0a+lbphoOp7hXIgYjGhSTOLY7k=
github.com/aws/aws-sdk-go-v2/service/ecs v1.85.0 h1:1e9htzu1Yykx0SSNd8dpWJXa5g8i9Wcl1ngdjPaBHsM=
github.com/aws/aws-sdk-go-v2/service/ecs v1.85.0/go.mod h1:0vahPCh3slyORHbSuAP8YDyJKLEUQAMX7+bzYGxEnVI=
github.com/aws/aws-sdk-go-v2/service/efs v1.42.1 h1:Ii4N3TQ2wa18cOlFR2Kxcji4wVsaySku+ygiBeKGqTU=
github.com/aws/aws-sdk-go-v2/service/efs v1.42.1/go.mod h1:AMhRvE41tgqPUU9hqtyCw8ektaKSnKbm10kyX9xL+FQ=
github.com/aws/aws-sdk-go-v2/service/elasticache v1.54.3 h1:KZDlMf8V5riU8xBCMJLWhfa+RP/MIagz2qJFwRg/b1g=
github.com/aws/aws-sdk-go-v2/service/elasticache v1.54.3/go.mod h1:nsMdHtF/ned4F5GCAfoerJaa/Q6cx+G+WYNsb/TFN7Q=
github.com/aws/aws-sdk-go-v2/service/elasticloadbalancingv2 v1.55.4 h1:M/98mES2pXpnSYtBSdBZx/zo3CaT/oSxTXsYk1vYd8A=
github.com/aws/aws-sdk-go-v2/service/elasticloadbalancingv2 v1.55.4/go.mod h1:sUBnPF4iTc3KaCTIbLTr8xXjsnw8J0kXwr0nPCaAK3I=
github.com/aws/aws-sdk-go-v2/service/eventbridge v1.46.6 h1:rJFqZQH9sT7vNEPX+Irn3miu/zOKkt80HHA18Tmk3OE=
github.com/aws/aws-sdk-go-v2/service/eventbridge v1.46.6/go.mod h1:Ahoy85HXn2dWwT4hseCxPS1USL9mowNWKlN1sdjcKxs=
github.com/aws/aws-sdk-go-v2/service/firehose v1.44.0 h1:q6T5aspSBzFsHFB1qoWc5t/dx/yKvh/KiIfidd63Y50=
github.com/aws/aws-sdk-go-v2/service/firehose v1.44.0/go.mod h1:/nsZWAG30JZpqIYSvwyMZ80N/vODYxWO1V6+UCep6ug=
github.com/aws/aws-sdk-go-v2/service/glue v1.146.0 h1:LGfL4DlucaYj9ITrO8Dy4WIDgsUG5bvkffHqqrI/hhI=
github.com/aws/aws-sdk-go-v2/service/glue v1.146.0/go.mod h1:cPV3sb+zsvCS8gCgOubuCIN2uWMeFrwgJTr8C1sDspg=
github.com/aws/aws-sdk-go-v2/service/iam v1.54.5 h1:a/gAOhIOi+vHYeRU224WIXlJrLXs4Z1Qbm92vfX64jc=
github.com/aws/aws-sdk-go-v2/service/iam v1.54.5/go.mod h1:tMNzI+fYFCk4cIdZ7FEybLzShwnmWkfxQw85ED1b4ng=
github.com/aws/aws-sdk-go-v2/service/internal/accept-encoding v1.13.12 h1:ZD2+BSw9vFsNlKYIasSNt3uDbjqqXIBcM13UJv/Lx2k=
github.com/aws/aws-sdk-go-v2/service/internal/accept-encoding v1.13.12/go.mod h1:Ms4zlcVBbXbiP7EVLhl+lgjvA/a7YphqQ3Ih3174EmI=
github.com/aws/aws-sdk-go-v2/service/internal/checksum v1.9.22 h1:V51LGlOq/1VsDsHUdoklAQi7rMmx4qQubvFYAlP2254=
github.com/aws/aws-sdk-go-v2/service/internal/checksum v1.9.22/go.mod h1:4Pzhyz8hJOm2bepgl+NjvRx8vlUFAIIvJnZ/MkcNPpU=
github.com/aws/aws-sdk-go-v2/service/internal/endpoint-discovery v1.12.6 h1:Bs2OwYq0HBgHYwfGmUwYIPtTNaGMGAHkRje4jmW2VoI=
github.com/aws/aws-sdk-go-v2/service/internal/endpoint-discovery v1.12.6/go.mod h1:OTctu4cW8t7/TRlTKPLT6akzyOkfceMWhtEHqtYDIQQ=
github.com/aws/aws-sdk-go-v2/service/internal/presigned-url v1.13.29 h1:DRebniUGZ2MqiiIVmQJ04vIXr918hubdHMnarSLEWyU=
github.com/aws/aws-sdk-go-v2/service/internal/presigned-url v1.13.29/go.mod h1:LfRkPCD8YHDM2E5eTkos2UpwYeZnBcVarTa8L59bJHA=
github.com/aws/aws-sdk-go-v2/service/internal/s3shared v1.19.29 h1:hiME6pBzC7OTl9LMtlyTWBuEl1f4QBcUmFDKC7MLXtc=
github.com/aws/aws-sdk-go-v2/service/internal/s3shared v1.19.29/go.mod h1:G7RP+uhagpKtKhd1BM9N6JQqjCcGEU47K5lBVZQyRQw=
github.com/aws/aws-sdk-go-v2/service/kinesis v1.44.2 h1:LQcm6uSXMemcKEPeY22fVxkvzM3N4/fIevKMKJkPnNU=
github.com/aws/aws-sdk-go-v2/service/kinesis v1.44.2/go.mod h1:XMTQUQroGEYrkxh3Ns1g6P5TTka2oY0KzlNkxAW865c=
github.com/aws/aws-sdk-go-v2/service/kms v1.53.4 h1:PEgVSsWtR8NNxsDxFL2Ywisi7R+1EFQARGsT4q3mWwI=
github.com/aws/aws-sdk-go-v2/service/kms v1.53.4/go.mod h1:3EeKyDGPGSCEphG2OolwNGNF45RvQIfm27AYYpfEWrw=
github.com/aws/aws-sdk-go-v2/service/lambda v1.93.0 h1:uEB7hBZO61H63g+rtUbJ5fjkxLw369wukdr4hCtaZ+M=
github.com/aws/aws-sdk-go-v2/service/lambda v1.93.0/go.mod h1:3bF6WydfupDwCv8Q3g/Flt89341w/+NObn+KdQmLA60=
github.com/aws/aws-sdk-go-v2/service/quicksight v1.115.0 h1:LAlQrAXfLAk+RSEVidpz5HWl36X9joPpvj5NDttsOPM=
github.com/aws/aws-sdk-go-v2/service/quicksight v1.115.0/go.mod h1:5lLhyi3JRJ0RZbP6uWBKSeG2OWRNpNafHrG/p/oCqZY=
github.com/aws/aws-sdk-go-v2/service/rds v1.119.3 h1:SIGdk+wA+xGXgN+L7Jr3Ot83Mjh3jpjyJIwZd3DqAnU=
github.com/aws/aws-sdk-go-v2/service/rds v1.119.3/go.mod h1:zCRPUdp05FEZG3OO7LmJq9xkSDjMEhkiVrZV0oJs2a0=
github.com/aws/aws-sdk-go-v2/service/redshift v1.63.3 h1:g8NdnGa2MfVcLV5zMmAfm8qMmXHdaY+dJ1EL491YLmE=
github.com/aws/aws-sdk-go-v2/service/redshift v1.63.3/go.mod h1:/J3w2Q34Bo7iPfti+eu9Y8OGjgn0/1j7BbwQItUQxW0=
github.com/aws/aws-sdk-go-v2/service/route53 v1.63.3 h1:595VT+Zw2/wNZ7Hcf4AgZXZf2/2irBtVMx6m5/NzwGE=
github.com/aws/aws-sdk-go-v2/service/route53 v1.63.3/go.mod h1:JfPmtoq6Zl78Wuf0nIzcwRlFU34xUPIMaX2x3lHRIGI=
github.com/aws/aws-sdk-go-v2/service/s3 v1.104.0 h1:ta8csKy5vN91F3i5gGR85lFV0srBqySEji7Jroes6rE=
github.com/aws/aws-sdk-go-v2/service/s3 v1.104.0/go.mod h1:77ZAgynvx1txMvDG8gGWoWkO1augYDxkp9JElWFgjQU=
github.com/aws/aws-sdk-go-v2/service/scheduler v1.18.7 h1:lzyNgsb0Y9l5t1pScZgSfrWi5J0N3XcVsSJb8Wgjs1c=
github.com/aws/aws-sdk-go-v2/service/scheduler v1.18.7/go.mod h1:Z6XrFAHEJAyZCbSY6naL6cylzYJunhoazrtk7qHpfdA=
github.com/aws/aws-sdk-go-v2/service/secretsmanager v1.42.3 h1:L9gPLf3sFH1/ao3oB2QZcaX1xGYi8hj+WJlsf3/dN+M=
github.com/aws/aws-sdk-go-v2/service/secretsmanager v1.42.3/go.mod h1:9DKRlwDCw2OUDlyCIFcQCroL5M0mQTUU9qW8JEDcXmI=
github.com/aws/aws-sdk-go-v2/service/sesv2 v1.62.4 h1:E+hfJiJ/ZAx5SmnpDIejKpgqpd0TqoWqcmBGmLhe7PU=
github.com/aws/aws-sdk-go-v2/service/sesv2 v1.62.4/go.mod h1:pPfcguG4y24CV1iQeejOJ8MRkTMFqHtxc8/Lmklv4gY=
github.com/aws/aws-sdk-go-v2/service/sfn v1.43.0 h1:6H1KsknpurcQknxxUIEfbgfIFEfjuB61q8R6a9x0vH4=
github.com/aws/aws-sdk-go-v2/service/sfn v1.43.0/go.mod h1:1NbpT9JPgZOK8wMEW59ZsQEoSM4a2rpQQKJOElRbG6U=
github.com/aws/aws-sdk-go-v2/service/signin v1.2.0 h1:3nXpRcFwRCW8n7HgO2QGy0Dc20eQNfBuUemGQhpF8m8=
github.com/aws/aws-sdk-go-v2/service/signin v1.2.0/go.mod h1:LxYujSTLPRlp2vTtcUO/+1ilrew8ytt6SvQyOgejzFQ=
github.com/aws/aws-sdk-go-v2/service/sns v1.40.1 h1:DLrOlgom0+OYnNaSiVxAXtR6obPjVlbmD+7w5wim9sc=
github.com/aws/aws-sdk-go-v2/service/sns v1.40.1/go.mod h1:V9szvM64GdG5VJUeDRstvLmt/ozgWiSNg3gYnp3mSkk=
github.com/aws/aws-sdk-go-v2/service/sqs v1.44.0 h1:6DQ95Zq5xPUSYm6KWcrar7zvreqAMFmyynYCcmzv6yc=
github.com/aws/aws-sdk-go-v2/service/sqs v1.44.0/go.mod h1:d7eKytKiwDFJeNAP4VWo47VCiNM9z539tkoCGJ6PjXw=
github.com/aws/aws-sdk-go-v2/service/sso v1.31.3 h1:ey1XLTYXb9PcLt4535632o5kCGXNXEhNb620Dqwuylo=
github.com/aws/aws-sdk-go-v2/service/sso v1.31.3/go.mod h1:Lk7PlmoTYryQmyBG0EXqj5BcUbj3whXdU2s3yGI3EAc=
github.com/aws/aws-sdk-go-v2/service/ssooidc v1.36.6 h1:yLr03zQE/5Eu5l3QU0Si+xMbLMbSDF2YXsigqXngs6g=
github.com/aws/aws-sdk-go-v2/service/ssooidc v1.36.6/go.mod h1:Q5N6icH+KJZDLh+ESNwzdv6cZ6vLFF/egy3IOxWhmz4=
github.com/aws/aws-sdk-go-v2/service/sts v1.43.3 h1:VrIhKRCSK1umelSgB9RghvA9RTUYeQffyAS5ApXehNI=
github.com/aws/aws-sdk-go-v2/service/sts v1.43.3/go.mod h1:r8wkDOuLaaMFqFiYAb8dGY2A3gJCOujMc6CFOVC4Zhc=
github.com/aws/aws-sdk-go-v2/service/transfer v1.73.3 h1:cNVlVHbweLv8GK1NQFd5CpmZqwg14gL+LXMYv4RytAY=
github.com/aws/aws-sdk-go-v2/service/transfer v1.73.3/go.mod h1:63aw6tjtHyLuKFPA2LEMrqkIS9DT7WCbCY2VkJRQesQ=
github.com/aws/aws-sdk-go-v2/service/wafv2 v1.73.0 h1:x4nbYWqmi2hyVqrjSIjuGaEzz0LVD8qU7mH7XEk107s=
github.com/aws/aws-sdk-go-v2/service/wafv2 v1.73.0/go.mod h1:3uef1mwfbGCHd6CEabvCnsGfM2qjkJWaomRZ6OYj9Kk=
github.com/aws/smithy-go v1.27.1 h1:4T340VFndXtADGF52gYa1POyL7s9E4Z1OeZ1hCscIw8=
github.com/aws/smithy-go v1.27.1/go.mod h1:YE2RhdIuDbA5E5bTdciG9KrW3+TiEONeUWCqxX9i1Fc=
github.com/davecgh/go-spew v1.1.1 h1:vj9j/u1bqnvCEfJOwUhtlOARqs3+rkHYY13jYWTU97c=
github.com/davecgh/go-spew v1.1.1/go.mod h1:J7Y8YcW2NihsgmVo/mv3lAwl/skON4iLHjSsI+c5H38=
github.com/jackc/pgpassfile v1.0.0 h1:/6Hmqy13Ss2zCq62VdNG8tM1wchn8zjSGOBJ6icpsIM=
github.com/jackc/pgpassfile v1.0.0/go.mod h1:CEx0iS5ambNFdcRtxPj5JhEz+xB6uRky5eyVu/W2HEg=
github.com/jackc/pgservicefile v0.0.0-20240606120523-5a60cdf6a761 h1:iCEnooe7UlwOQYpKFhBabPMi4aNAfoODPEFNiAnClxo=
github.com/jackc/pgservicefile v0.0.0-20240606120523-5a60cdf6a761/go.mod h1:5TJZWKEWniPve33vlWYSoGYefn3gLQRzjfDlhSJ9ZKM=
github.com/jackc/pgx/v5 v5.9.2 h1:3ZhOzMWnR4yJ+RW1XImIPsD1aNSz4T4fyP7zlQb56hw=
github.com/jackc/pgx/v5 v5.9.2/go.mod h1:mal1tBGAFfLHvZzaYh77YS/eC6IX9OWbRV1QIIM0Jn4=
github.com/jackc/puddle/v2 v2.2.2 h1:PR8nw+E/1w0GLuRFSmiioY6UooMp6KJv0/61nB7icHo=
github.com/jackc/puddle/v2 v2.2.2/go.mod h1:vriiEXHvEE654aYKXXjOvZM39qJ0q+azkZFrfEOc3H4=
github.com/jinzhu/inflection v1.0.0 h1:K317FqzuhWc8YvSVlFMCCUb36O/S9MCKRDI7QkRKD/E=
github.com/jinzhu/inflection v1.0.0/go.mod h1:h+uFLlag+Qp1Va5pdKtLDYj+kHp5pxUVkryuEj+Srlc=
github.com/jinzhu/now v1.1.5 h1:/o9tlHleP7gOFmsnYNz3RGnqzefHA47wQpKrrdTIwXQ=
github.com/jinzhu/now v1.1.5/go.mod h1:d3SSVoowX0Lcu0IBviAWJpolVfI5UJVZZ7cO71lE/z8=
github.com/pmezard/go-difflib v1.0.0 h1:4DBwDE0NGyQoBHbLQYPwSUPoCMWR5BEzIk/f1lZbAQM=
github.com/pmezard/go-difflib v1.0.0/go.mod h1:iKH77koFhYxTK1pcRnkKkqfTogsbg7gZNVY4sRDYZ/4=
github.com/sirupsen/logrus v1.9.4 h1:TsZE7l11zFCLZnZ+teH4Umoq5BhEIfIzfRDZ1Uzql2w=
github.com/sirupsen/logrus v1.9.4/go.mod h1:ftWc9WdOfJ0a92nsE2jF5u5ZwH8Bv2zdeOC42RjbV2g=
github.com/stretchr/objx v0.5.3 h1:jmXUvGomnU1o3W/V5h2VEradbpJDwGrzugQQvL0POH4=
github.com/stretchr/objx v0.5.3/go.mod h1:rDQraq+vQZU7Fde9LOZLr8Tax6zZvy4kuNKF+QYS+U0=
github.com/stretchr/testify v1.11.1 h1:7s2iGBzp5EwR7/aIZr8ao5+dra3wiQyKjjFuvgVKu7U=
github.com/stretchr/testify v1.11.1/go.mod h1:wZwfW3scLgRK+23gO65QZefKpKQRnfz6sD981Nm4B6U=
github.com/urfave/cli/v3 v3.10.1 h1:7Kx9H50hrHbRbyxgO1KP6/BcbiGRz0uYh5YyQ30JEEY=
github.com/urfave/cli/v3 v3.10.1/go.mod h1:ysVLtOEmg2tOy6PknnYVhDoouyC/6N42TMeoMzskhso=
github.com/y-miyazaki/go-common v0.10.4 h1:pXE+RZnXb0Ok1CTpp5WCRvwS+l9PbQ/H99ki2CZdcBQ=
github.com/y-miyazaki/go-common v0.10.4/go.mod h1:z6SBZjwLiGjc73TsbOvSVWjUl9BjmncXb/FB3AUFq68=
go.uber.org/goleak v1.3.0 h1:2K3zAYmnTNqV73imy9J1T3WC+gmCePx2hEGkimedGto=
go.uber.org/goleak v1.3.0/go.mod h1:CoHD4mav9JJNrW/WLlf7HGZPjdw8EucARQHekz1X6bE=
go.uber.org/multierr v1.11.0 h1:blXXJkSxSSfBVBlC76pxqeO+LN3aDfLQo+309xJstO0=
go.uber.org/multierr v1.11.0/go.mod h1:20+QtiLqy0Nd6FdQB9TLXag12DsQkrbs3htMFfDN80Y=
go.uber.org/zap v1.28.0 h1:IZzaP1Fv73/T/pBMLk4VutPl36uNC+OSUh3JLG3FIjo=
go.uber.org/zap v1.28.0/go.mod h1:rDLpOi171uODNm/mxFcuYWxDsqWSAVkFdX4XojSKg/Q=
go.yaml.in/yaml/v3 v3.0.4 h1:tfq32ie2Jv2UxXFdLJdh3jXuOzWiL1fo0bu/FbuKpbc=
go.yaml.in/yaml/v3 v3.0.4/go.mod h1:DhzuOOF2ATzADvBadXxruRBLzYTpT36CKvDb3+aBEFg=
golang.org/x/sync v0.21.0 h1:HLII4xRRTtCRkxYp4HNFF0Js/Og6q2i++KXbg0gHCwM=
golang.org/x/sync v0.21.0/go.mod h1:9xrNwdLfx4jkKbNva9FpL6vEN7evnE43NNNJQ2LF3+0=
golang.org/x/sys v0.46.0 h1:noSf2Fq6F8DBgS+LysIkx7rIExoNHJsxOAtPp4rthXw=
golang.org/x/sys v0.46.0/go.mod h1:4GL1E5IUh+htKOUEOaiffhrAeqysfVGipDYzABqnCmw=
golang.org/x/text v0.38.0 h1:sXmwo9DwP3OK9EZ7PqAdaooSGozfl/3a6/xJcbzPRhE=
golang.org/x/text v0.38.0/go.mod h1:YXZt3QhHUKYT53r2lLKFIVi6Ao1jdzrTR/KQ09qyxF4=
gopkg.in/check.v1 v0.0.0-20161208181325-20d25e280405 h1:yhCVgyC4o1eVCa2tZl7eS0r+SDo693bJlVdllGtEeKM=
gopkg.in/check.v1 v0.0.0-20161208181325-20d25e280405/go.mod h1:Co6ibVJAznAaIkqp8huTwlJQCZ016jof/cbN4VW5Yz0=
gopkg.in/yaml.v3 v3.0.1 h1:fxVm/GzAzEWqLHuvctI91KS9hhNmmWOoWu0XTYJS7CA=
gopkg.in/yaml.v3 v3.0.1/go.mod h1:K4uyk7z7BCEPqu6E+C64Yfv1cQ7kz7rIZviUmN+EgEM=
gorm.io/driver/postgres v1.6.0 h1:2dxzU8xJ+ivvqTRph34QX+WrRaJlmfyPqXmoGVjMBa4=
gorm.io/driver/postgres v1.6.0/go.mod h1:vUw0mrGgrTK+uPHEhAdV4sfFELrByKVGnaVRkXDhtWo=
gorm.io/gorm v1.31.1 h1:7CA8FTFz/gRfgqgpeKIBcervUn3xSyPUmr6B2WXJ7kg=
gorm.io/gorm v1.31.1/go.mod h1:XyQVbO2k6YkOis7C2437jSit3SsDK72s7n7rsSHd+Gs=
