github.com/aws/aws-sdk-go-v2 v1.41.3 h1:4kQ/fa22KjDt13QCy1+bYADvdgcxpfH18f0zP542kZA=
github.com/aws/aws-sdk-go-v2 v1.41.3/go.mod h1:mwsPRE8ceUUpiTgF7QmQIJ7lgsKUPQOUl3o72QBrE1o=
github.com/aws/aws-sdk-go-v2/aws/protocol/eventstream v1.7.6 h1:N4lRUXZpZ1KVEUn6hxtco/1d2lgYhNn1fHkkl8WhlyQ=
github.com/aws/aws-sdk-go-v2/aws/protocol/eventstream v1.7.6/go.mod h1:lyw7GFp3qENLh7kwzf7iMzAxDn+NzjXEAGjKS2UOKqI=
github.com/aws/aws-sdk-go-v2/config v1.32.11 h1:ftxI5sgz8jZkckuUHXfC/wMUc8u3fG1vQS0plr2F2Zs=
github.com/aws/aws-sdk-go-v2/config v1.32.11/go.mod h1:twF11+6ps9aNRKEDimksp923o44w/Thk9+8YIlzWMmo=
github.com/aws/aws-sdk-go-v2/credentials v1.19.11 h1:NdV8cwCcAXrCWyxArt58BrvZJ9pZ9Fhf9w6Uh5W3Uyc=
github.com/aws/aws-sdk-go-v2/credentials v1.19.11/go.mod h1:30yY2zqkMPdrvxBqzI9xQCM+WrlrZKSOpSJEsylVU+8=
github.com/aws/aws-sdk-go-v2/feature/ec2/imds v1.18.19 h1:INUvJxmhdEbVulJYHI061k4TVuS3jzzthNvjqvVvTKM=
github.com/aws/aws-sdk-go-v2/feature/ec2/imds v1.18.19/go.mod h1:FpZN2QISLdEBWkayloda+sZjVJL+e9Gl0k1SyTgcswU=
github.com/aws/aws-sdk-go-v2/internal/configsources v1.4.19 h1:/sECfyq2JTifMI2JPyZ4bdRN77zJmr6SrS1eL3augIA=
github.com/aws/aws-sdk-go-v2/internal/configsources v1.4.19/go.mod h1:dMf8A5oAqr9/oxOfLkC/c2LU/uMcALP0Rgn2BD5LWn0=
github.com/aws/aws-sdk-go-v2/internal/endpoints/v2 v2.7.19 h1:AWeJMk33GTBf6J20XJe6qZoRSJo0WfUhsMdUKhoODXE=
github.com/aws/aws-sdk-go-v2/internal/endpoints/v2 v2.7.19/go.mod h1:+GWrYoaAsV7/4pNHpwh1kiNLXkKaSoppxQq9lbH8Ejw=
github.com/aws/aws-sdk-go-v2/internal/ini v1.8.5 h1:clHU5fm//kWS1C2HgtgWxfQbFbx4b6rx+5jzhgX9HrI=
github.com/aws/aws-sdk-go-v2/internal/ini v1.8.5/go.mod h1:O3h0IK87yXci+kg6flUKzJnWeziQUKciKrLjcatSNcY=
github.com/aws/aws-sdk-go-v2/internal/v4a v1.4.20 h1:qi3e/dmpdONhj1RyIZdi6DKKpDXS5Lb8ftr3p7cyHJc=
github.com/aws/aws-sdk-go-v2/internal/v4a v1.4.20/go.mod h1:V1K+TeJVD5JOk3D9e5tsX2KUdL7BlB+FV6cBhdobN8c=
github.com/aws/aws-sdk-go-v2/service/acm v1.37.21 h1:AUceKJhgt+FOwImMUPbOHKLpe5O9a8N/RtC+tLQ+sxc=
github.com/aws/aws-sdk-go-v2/service/acm v1.37.21/go.mod h1:kkbySLpdZk0UNdU23rBaef7IfuSRy0/jEM84BGCcvKM=
github.com/aws/aws-sdk-go-v2/service/apigateway v1.38.6 h1:dzd86UudvxJ1c6z/o+hHh7ZhkoBrh81XYz/M11zwQYI=
github.com/aws/aws-sdk-go-v2/service/apigateway v1.38.6/go.mod h1:jWmyEnBPJdt+RaHSRzZDKp3HyyzjOofGp4+xXY503Do=
github.com/aws/aws-sdk-go-v2/service/apigatewayv2 v1.33.7 h1:4hpE+cFTybjoOQp0kMFHx0VI8J6aoFwBQkzVPx11Pf8=
github.com/aws/aws-sdk-go-v2/service/apigatewayv2 v1.33.7/go.mod h1:69VY4145ceZIYyrE9YONoBakekc7/UmM9rbr/tm+tn4=
github.com/aws/aws-sdk-go-v2/service/batch v1.61.1 h1:K6VFQxCxCK+87Jo3cahn5bwip0wJUM0lslVjMhXoaYg=
github.com/aws/aws-sdk-go-v2/service/batch v1.61.1/go.mod h1:GTOUtEjw1HEaLG36CssllncaIxvN9zdHIVm9g7eG9Vw=
github.com/aws/aws-sdk-go-v2/service/cloudformation v1.71.7 h1:QkM9aGnVnXrXpxXJMu7GO+E/eho+RfItwDp71aPa79o=
github.com/aws/aws-sdk-go-v2/service/cloudformation v1.71.7/go.mod h1:XluvzGQyrIEHZQOYM7QuO+ViUk3wPXF0VsI5+fum67s=
github.com/aws/aws-sdk-go-v2/service/cloudfront v1.60.2 h1:+5lijyTp+IoU5oh6rL3374yEkaPeFnaes+b4WWUQC2I=
github.com/aws/aws-sdk-go-v2/service/cloudfront v1.60.2/go.mod h1:Ndq7ECdcXc8jmE4WPhl409BdAAWW6jrirMFgliMxMtU=
github.com/aws/aws-sdk-go-v2/service/cloudwatch v1.55.1 h1:s+ZS2lmYFeCISy20RkSerTmfMIzxlevj4LyWNuE3cfY=
github.com/aws/aws-sdk-go-v2/service/cloudwatch v1.55.1/go.mod h1:xXUsqpyas4oCIPxrKoCeqvyvFBLEYSohybRVV0bHq9A=
github.com/aws/aws-sdk-go-v2/service/cloudwatchlogs v1.64.0 h1:6QLwTAIR2z3QmYxuHM8nfZkW/C/qn4cvhesHIE98/CE=
github.com/aws/aws-sdk-go-v2/service/cloudwatchlogs v1.64.0/go.mod h1:RCkMRCGlsyFwF9Accj7GsHQFCIR9s8iRbv4LPYOT9wY=
github.com/aws/aws-sdk-go-v2/service/cognitoidentity v1.33.20 h1:ZEijcC7Fpm0X+CeecuHD7t62ZbV6XSRDyR1ceUylJdc=
github.com/aws/aws-sdk-go-v2/service/cognitoidentity v1.33.20/go.mod h1:43TnVpni4CD4UNkAXlKGre9l33QrZUL876YXYBHJ5bE=
github.com/aws/aws-sdk-go-v2/service/cognitoidentityprovider v1.59.1 h1:JF83VL8nhIzxb2QpGZAPXpiEyiufpcz2ItU8+PIUvaU=
github.com/aws/aws-sdk-go-v2/service/cognitoidentityprovider v1.59.1/go.mod h1:3bD6YrLyTrWfYT+tNiZY/16RFvTBacjalaMu7KFglcE=
github.com/aws/aws-sdk-go-v2/service/dynamodb v1.56.1 h1:EkW4NqA2mwCkL7YCDYh6OpA/bCMhKYbZgpRHt2FD2Ow=
github.com/aws/aws-sdk-go-v2/service/dynamodb v1.56.1/go.mod h1:OQp5333OH1IjmJmJpTU4IwoaOoCMnDrThg0zIx169rE=
github.com/aws/aws-sdk-go-v2/service/ec2 v1.293.1 h1:hb/FbDMxNnHFiXa74to/sh/hfFa/euklzO765Cb3qZY=
github.com/aws/aws-sdk-go-v2/service/ec2 v1.293.1/go.mod h1:rB577GvkmJADVOFGY8/j9sPv/ewcsEtQNsd9Lrn7Zx0=
github.com/aws/aws-sdk-go-v2/service/ecr v1.55.4 h1:BpSZ3fLXb8HLI/zhiiCOQj10bEsXUcbNHBEkDlYuxB0=
github.com/aws/aws-sdk-go-v2/service/ecr v1.55.4/go.mod h1:T+Tz2Xp1gnvtlgvP7OyRHlr84KtI3fZW5Ax/e+s9b64=
github.com/aws/aws-sdk-go-v2/service/ecs v1.73.1 h1:TSmcWx+RzhGJrPNoFkuqANafJQ7xY3W2UBg6ShN3ae8=
github.com/aws/aws-sdk-go-v2/service/ecs v1.73.1/go.mod h1:KWILGx+bRowcGyJU/va2Ift48c658blP5e1qvldnIRE=
github.com/aws/aws-sdk-go-v2/service/efs v1.41.12 h1:YZXW11dESIf6CNhMG2ICZonCkzKBaGLuFamSJTYV5g0=
github.com/aws/aws-sdk-go-v2/service/efs v1.41.12/go.mod h1:+rjniKD0YQAmjiDNJvLodKXn1vXWwMpctrr/M4zm1V4=
github.com/aws/aws-sdk-go-v2/service/elasticache v1.51.11 h1:wnE+6xW2TIVxjalZ/7V7sqFQZdKiNJQIJ5hp9MNlQ3U=
github.com/aws/aws-sdk-go-v2/service/elasticache v1.51.11/go.mod h1:WZitdEv46MSo81s7dEd5UV7cejTCukLVzOFm3xE/pTY=
github.com/aws/aws-sdk-go-v2/service/elasticloadbalancingv2 v1.54.8 h1:xUwbqWhKASQsigeQfeBjhbm6dAP1EeTulHnNSYv5Xfc=
github.com/aws/aws-sdk-go-v2/service/elasticloadbalancingv2 v1.54.8/go.mod h1:sQoz/dTooY3kCkNNGxVLTS7EacLA0qXUaK4BkpMjGOc=
github.com/aws/aws-sdk-go-v2/service/eventbridge v1.45.20 h1:np4Aimq5BoWqTMbQNmEQA6cjb3u1wFfqQFtpNkTtWYs=
github.com/aws/aws-sdk-go-v2/service/eventbridge v1.45.20/go.mod h1:341T6vJxk3/kTiO5F26hLA52qQyv+3pLu1byq5u7wp0=
github.com/aws/aws-sdk-go-v2/service/firehose v1.42.11 h1:XBYyFYlE2p05hzqqY6AicgeMZ49T0FQKKG/k9vOjbRg=
github.com/aws/aws-sdk-go-v2/service/firehose v1.42.11/go.mod h1:3uOwsg9hgJgAzaJe+xjVlCHSbXx4F/Bys7o9dPRzU2Q=
github.com/aws/aws-sdk-go-v2/service/glue v1.137.2 h1:qGCcDn2ASnsWw20B6rPtV+e2sEbmHtbj/zQniK3z6ko=
github.com/aws/aws-sdk-go-v2/service/glue v1.137.2/go.mod h1:sQhaXaqTtphSiXd2CXK80RBR4e7HZ0waa9geoIh0Vq8=
github.com/aws/aws-sdk-go-v2/service/iam v1.53.4 h1:FUWGS7m97SYL0bk9Kb+Q4bVpcSrKOHNiIbEXIRFTRW4=
github.com/aws/aws-sdk-go-v2/service/iam v1.53.4/go.mod h1:seDE466zJ4haVuAVcRk+yIH4DWb3s6cqt3Od8GxnGAA=
github.com/aws/aws-sdk-go-v2/service/internal/accept-encoding v1.13.6 h1:XAq62tBTJP/85lFD5oqOOe7YYgWxY9LvWq8plyDvDVg=
github.com/aws/aws-sdk-go-v2/service/internal/accept-encoding v1.13.6/go.mod h1:x0nZssQ3qZSnIcePWLvcoFisRXJzcTVvYpAAdYX8+GI=
github.com/aws/aws-sdk-go-v2/service/internal/checksum v1.9.11 h1:BYf7XNsJMzl4mObARUBUib+j2tf0U//JAAtTnYqvqCw=
github.com/aws/aws-sdk-go-v2/service/internal/checksum v1.9.11/go.mod h1:aEUS4WrNk/+FxkBZZa7tVgp4pGH+kFGW40Y8rCPqt5g=
github.com/aws/aws-sdk-go-v2/service/internal/endpoint-discovery v1.11.19 h1:jdCj9vbCXwzTcIJX+MVd2UdssFhRJFTrWlPZwZB8Hpk=
github.com/aws/aws-sdk-go-v2/service/internal/endpoint-discovery v1.11.19/go.mod h1:Dgg2d5WGRr7YB8JJsELskBxLUhgwWppXPwlvmuQKhbc=
github.com/aws/aws-sdk-go-v2/service/internal/presigned-url v1.13.19 h1:X1Tow7suZk9UCJHE1Iw9GMZJJl0dAnKXXP1NaSDHwmw=
github.com/aws/aws-sdk-go-v2/service/internal/presigned-url v1.13.19/go.mod h1:/rARO8psX+4sfjUQXp5LLifjUt8DuATZ31WptNJTyQA=
github.com/aws/aws-sdk-go-v2/service/internal/s3shared v1.19.19 h1:JnQeStZvPHFHeyky/7LbMlyQjUa+jIBj36OlWm0pzIk=
github.com/aws/aws-sdk-go-v2/service/internal/s3shared v1.19.19/go.mod h1:HGyasyHvYdFQeJhvDHfH7HXkHh57htcJGKDZ+7z+I24=
github.com/aws/aws-sdk-go-v2/service/kinesis v1.43.2 h1:WhTMEbudr8A351zRMU48WLERglge1qMzmb6BrlbekPg=
github.com/aws/aws-sdk-go-v2/service/kinesis v1.43.2/go.mod h1:yDk2FJbvOCzH16j8Pa2FLGKh8MEH6/8/2Vqn3IKzmXE=
github.com/aws/aws-sdk-go-v2/service/kms v1.50.2 h1:UOHOXigIzDRaEU03CBQcZ5uW7FNC7E+vwfhsQWXl5RQ=
github.com/aws/aws-sdk-go-v2/service/kms v1.50.2/go.mod h1:nAa5gmcmAmjXN3tGuhPSHLXFeWv+7nzKhjZzh8F7MH0=
github.com/aws/aws-sdk-go-v2/service/lambda v1.88.2 h1:j+IFEtr7aykD6jJRE86kv/+TgN1UK90LudBuz2bjjYw=
github.com/aws/aws-sdk-go-v2/service/lambda v1.88.2/go.mod h1:IDvS3hFp41ZJTByY7BO8PNgQkPNeQDjJfU/0cHJ2V4o=
github.com/aws/aws-sdk-go-v2/service/quicksight v1.104.0 h1:8kL293F7CcfElbSDtwlsnJq5N4TaxVDkNdmgNljJ4UY=
github.com/aws/aws-sdk-go-v2/service/quicksight v1.104.0/go.mod h1:tfFhBapHPdMCUA/qz8MtQDurqhrEAR6/GoXfgPgug0E=
github.com/aws/aws-sdk-go-v2/service/rds v1.116.2 h1:KQLPCn9BWXW0Y8DyzEokbTF9HOiOQoR77Eu9GKcjBWU=
github.com/aws/aws-sdk-go-v2/service/rds v1.116.2/go.mod h1:aPw0arz1e+cZUbF4LU7ZMYB1ZSYsJKi/tsAq9wADfeE=
github.com/aws/aws-sdk-go-v2/service/redshift v1.62.3 h1:kG21aB8DkKTRmN2oTQ+4tytibM9vIwW4vxQmtbCzs9E=
github.com/aws/aws-sdk-go-v2/service/redshift v1.62.3/go.mod h1:oCsOzWYbbRFVlTYri72t9Pruq3EVOmVxhfBniqzZa7I=
github.com/aws/aws-sdk-go-v2/service/route53 v1.62.3 h1:JRPXnIr0WwFsSHBmuCvT/uh0Vgys+crvwkOghbJEqi8=
github.com/aws/aws-sdk-go-v2/service/route53 v1.62.3/go.mod h1:DHddp7OO4bY467WVCqWBzk5+aEWn7vqYkap7UigJzGk=
github.com/aws/aws-sdk-go-v2/service/s3 v1.96.4 h1:4ExZyubQ6LQQVuF2Qp9OsfEvsTdAWh5Gfwf6PgIdLdk=
github.com/aws/aws-sdk-go-v2/service/s3 v1.96.4/go.mod h1:NF3JcMGOiARAss1ld3WGORCw71+4ExDD2cbbdKS5PpA=
github.com/aws/aws-sdk-go-v2/service/scheduler v1.17.20 h1:26W5e36ZRz5Lxag1aVBxv2ZHBPBMOTxxSVqPENob56Q=
github.com/aws/aws-sdk-go-v2/service/scheduler v1.17.20/go.mod h1:AMTsHJXHLunksmCqfzhBLLyUQcxZ7d5zPbSIr839kbg=
github.com/aws/aws-sdk-go-v2/service/secretsmanager v1.41.3 h1:9bb0dEq1WzA0ZxIGG2EmwEgxfMAJpHyusxwbVN7f6iM=
github.com/aws/aws-sdk-go-v2/service/secretsmanager v1.41.3/go.mod h1:2z9eg35jfuRtdPE4Ci0ousrOU9PBhDBilXA1cwq9Ptk=
github.com/aws/aws-sdk-go-v2/service/sesv2 v1.59.3 h1:qjwo32AyXM8yvYDMZOgdK+T83WJd7Oy1GJ/wwvTMFLk=
github.com/aws/aws-sdk-go-v2/service/sesv2 v1.59.3/go.mod h1:w1p8y472txqta47pOYScQHQ3/O1jN7f7YKrvPetbCWQ=
github.com/aws/aws-sdk-go-v2/service/signin v1.0.7 h1:Y2cAXlClHsXkkOvWZFXATr34b0hxxloeQu/pAZz2row=
github.com/aws/aws-sdk-go-v2/service/signin v1.0.7/go.mod h1:idzZ7gmDeqeNrSPkdbtMp9qWMgcBwykA7P7Rzh5DXVU=
github.com/aws/aws-sdk-go-v2/service/sns v1.39.13 h1:8xP94tDzFpgwIOsusGiEFHPaqrpckDojoErk/ZFZTio=
github.com/aws/aws-sdk-go-v2/service/sns v1.39.13/go.mod h1:RwF6Xnba8PlINxJUQq1IAWeon6IglvqsnhNqV8QsQjk=
github.com/aws/aws-sdk-go-v2/service/sqs v1.42.23 h1:Rw3+8VaLH0jozccNR52bSvCPYtkiQeNn576l7HCHvL0=
github.com/aws/aws-sdk-go-v2/service/sqs v1.42.23/go.mod h1:MdjRkQEd2EUOiifYnkg/6f1NGtZSN3dFOLNByzufXok=
github.com/aws/aws-sdk-go-v2/service/sso v1.30.12 h1:iSsvB9EtQ09YrsmIc44Heqlx5ByGErqhPK1ZQLppias=
github.com/aws/aws-sdk-go-v2/service/sso v1.30.12/go.mod h1:fEWYKTRGoZNl8tZ77i61/ccwOMJdGxwOhWCkp6TXAr0=
github.com/aws/aws-sdk-go-v2/service/ssooidc v1.35.16 h1:EnUdUqRP1CNzt2DkV67tJx6XDN4xlfBFm+bzeNOQVb0=
github.com/aws/aws-sdk-go-v2/service/ssooidc v1.35.16/go.mod h1:Jic/xv0Rq/pFNCh3WwpH4BEqdbSAl+IyHro8LbibHD8=
github.com/aws/aws-sdk-go-v2/service/sts v1.41.8 h1:XQTQTF75vnug2TXS8m7CVJfC2nniYPZnO1D4Np761Oo=
github.com/aws/aws-sdk-go-v2/service/sts v1.41.8/go.mod h1:Xgx+PR1NUOjNmQY+tRMnouRp83JRM8pRMw/vCaVhPkI=
github.com/aws/aws-sdk-go-v2/service/transfer v1.69.3 h1:MiqPvPpWRucGZf6Ljg6Wu7TTKtLrXsLGDl38SyfZhMM=
github.com/aws/aws-sdk-go-v2/service/transfer v1.69.3/go.mod h1:5u98mZ24VMLdZ9VAElKb6YCFHOfY0dTtv3sxt2VSLfM=
github.com/aws/aws-sdk-go-v2/service/wafv2 v1.71.1 h1:P41oJ1KTjVhahrDx8BKw8L+4/qlRn20S3mx+4P5RghI=
github.com/aws/aws-sdk-go-v2/service/wafv2 v1.71.1/go.mod h1:/i2BTa1lFTDiIADSGmUpf4wg4BS53mJUdmH1Lvg3mpE=
github.com/aws/smithy-go v1.24.2 h1:FzA3bu/nt/vDvmnkg+R8Xl46gmzEDam6mZ1hzmwXFng=
github.com/aws/smithy-go v1.24.2/go.mod h1:YE2RhdIuDbA5E5bTdciG9KrW3+TiEONeUWCqxX9i1Fc=
github.com/cpuguy83/go-md2man/v2 v2.0.7 h1:zbFlGlXEAKlwXpmvle3d8Oe3YnkKIK4xSRTd3sHPnBo=
github.com/cpuguy83/go-md2man/v2 v2.0.7/go.mod h1:oOW0eioCTA6cOiMLiUPZOpcVxMig6NIQQ7OS05n1F4g=
github.com/davecgh/go-spew v1.1.1 h1:vj9j/u1bqnvCEfJOwUhtlOARqs3+rkHYY13jYWTU97c=
github.com/davecgh/go-spew v1.1.1/go.mod h1:J7Y8YcW2NihsgmVo/mv3lAwl/skON4iLHjSsI+c5H38=
github.com/pmezard/go-difflib v1.0.0 h1:4DBwDE0NGyQoBHbLQYPwSUPoCMWR5BEzIk/f1lZbAQM=
github.com/pmezard/go-difflib v1.0.0/go.mod h1:iKH77koFhYxTK1pcRnkKkqfTogsbg7gZNVY4sRDYZ/4=
github.com/russross/blackfriday/v2 v2.1.0 h1:JIOH55/0cWyOuilr9/qlrm0BSXldqnqwMsf35Ld67mk=
github.com/russross/blackfriday/v2 v2.1.0/go.mod h1:+Rmxgy9KzJVeS9/2gXHxylqXiyQDYRxCVz55jmeOWTM=
github.com/stretchr/objx v0.5.3 h1:jmXUvGomnU1o3W/V5h2VEradbpJDwGrzugQQvL0POH4=
github.com/stretchr/objx v0.5.3/go.mod h1:rDQraq+vQZU7Fde9LOZLr8Tax6zZvy4kuNKF+QYS+U0=
github.com/stretchr/testify v1.11.1 h1:7s2iGBzp5EwR7/aIZr8ao5+dra3wiQyKjjFuvgVKu7U=
github.com/stretchr/testify v1.11.1/go.mod h1:wZwfW3scLgRK+23gO65QZefKpKQRnfz6sD981Nm4B6U=
github.com/urfave/cli/v2 v2.27.7 h1:bH59vdhbjLv3LAvIu6gd0usJHgoTTPhCFib8qqOwXYU=
github.com/urfave/cli/v2 v2.27.7/go.mod h1:CyNAG/xg+iAOg0N4MPGZqVmv2rCoP267496AOXUZjA4=
github.com/xrash/smetrics v0.0.0-20250705151800-55b8f293f342 h1:FnBeRrxr7OU4VvAzt5X7s6266i6cSVkkFPS0TuXWbIg=
github.com/xrash/smetrics v0.0.0-20250705151800-55b8f293f342/go.mod h1:Ohn+xnUBiLI6FVj/9LpzZWtj1/D6lUovWYBkxHVV3aM=
gopkg.in/check.v1 v0.0.0-20161208181325-20d25e280405 h1:yhCVgyC4o1eVCa2tZl7eS0r+SDo693bJlVdllGtEeKM=
gopkg.in/check.v1 v0.0.0-20161208181325-20d25e280405/go.mod h1:Co6ibVJAznAaIkqp8huTwlJQCZ016jof/cbN4VW5Yz0=
gopkg.in/yaml.v3 v3.0.1 h1:fxVm/GzAzEWqLHuvctI91KS9hhNmmWOoWu0XTYJS7CA=
gopkg.in/yaml.v3 v3.0.1/go.mod h1:K4uyk7z7BCEPqu6E+C64Yfv1cQ7kz7rIZviUmN+EgEM=
