github.com/DATA-DOG/go-sqlmock v1.5.2 h1:OcvFkGmslmlZibjAjaHm3L//6LiuBgolP7OputlJIzU=
github.com/DATA-DOG/go-sqlmock v1.5.2/go.mod h1:88MAG/4G7SMwSE3CeA0ZKzrT5CiOU3OJ+JlNzwDqpNU=
github.com/aws/aws-sdk-go-v2 v1.42.0 h1:XvXMJTkFQtpBKIWZnmr9ZEOc2InWM2yldjXEJ/bymhA=
github.com/aws/aws-sdk-go-v2 v1.42.0/go.mod h1:27+ACypSLljLAEKsCYOmrjKh83vuTRkuAe9Uv/3A4bg=
github.com/aws/aws-sdk-go-v2/aws/protocol/eventstream v1.7.13 h1:p1BBrg/Hhp6uK7zpejeI8QFXHJeC/mynzi04Sl03k9g=
github.com/aws/aws-sdk-go-v2/aws/protocol/eventstream v1.7.13/go.mod h1:8cIfkE9MDhkRZGpQ22aV6/lkYeYSozpz16Smrs5x4Ls=
github.com/aws/aws-sdk-go-v2/config v1.32.26 h1:JI+W5B3jUA8UBz2ggbICGd9UCR6/+SB21G8EFl0SFTQ=
github.com/aws/aws-sdk-go-v2/config v1.32.26/go.mod h1:RLE2Ls/wRstvdSz1GPrIWNnXcKZ/znDdWyMuiQxdBoY=
github.com/aws/aws-sdk-go-v2/credentials v1.19.25 h1:TzPVjfUZ1hsKafvYE+DIzKXIik2KufQxsPHanlkttbo=
github.com/aws/aws-sdk-go-v2/credentials v1.19.25/go.mod h1:K4hw0buguVvtC74HnVfTRr0LzQQHAWPqJbBU9QGk2Pg=
github.com/aws/aws-sdk-go-v2/feature/ec2/imds v1.18.29 h1:r6qZHbT+wxgWO/e9vYNUEtg7lv5+UN3pRqKhLXvnArg=
github.com/aws/aws-sdk-go-v2/feature/ec2/imds v1.18.29/go.mod h1:QRnaRcTVGKPGRy8w78HMQtKUGRYcnMZAANATkeVA6Mo=
github.com/aws/aws-sdk-go-v2/internal/configsources v1.4.29 h1:f3vKqSo13fhTYb+JEcXwXefZQE26I1FB5eTSniU67ko=
github.com/aws/aws-sdk-go-v2/internal/configsources v1.4.29/go.mod h1:MzoLFUArKGpGD+ukmPiTPG1X5x4o6M2kq4v2dr1FiEc=
github.com/aws/aws-sdk-go-v2/internal/endpoints/v2 v2.7.29 h1:RdwIf/CuUsvJX3RgJagbOyotl/cxoLY4xviKuE7p2GY=
github.com/aws/aws-sdk-go-v2/internal/endpoints/v2 v2.7.29/go.mod h1:71wt8W2EgswdZy9Mf9KNnzxZ3TiZlv4caKghPktDOkA=
github.com/aws/aws-sdk-go-v2/internal/v4a v1.4.30 h1:VTGy885W5DKBxWRUJbym9hytNaYzsyaPkCHGRRMAOhU=
github.com/aws/aws-sdk-go-v2/internal/v4a v1.4.30/go.mod h1:AS0HycUvJRFvTt613AYDOgO2jzw+00cVSMny8XB3yMY=
github.com/aws/aws-sdk-go-v2/service/account v1.32.5 h1:lFnVgCvwIZIvcPxmTmjOhXqxn2xshHwe6MYgAkk+Gwo=
github.com/aws/aws-sdk-go-v2/service/account v1.32.5/go.mod h1:K2RMp3RcjXLs7bfmg+sGP/MpTdEhcABzreR8xldpttc=
github.com/aws/aws-sdk-go-v2/service/acm v1.40.1 h1:R6P/rk7c7hBs32HjolkjA9Fo8ZgXfjXeubWSywRjNQM=
github.com/aws/aws-sdk-go-v2/service/acm v1.40.1/go.mod h1:x7/FCGJIfZYws5dS1K2PPE/puwDrqjvBgGJb154gkmo=
github.com/aws/aws-sdk-go-v2/service/apigateway v1.40.7 h1:+AWp9kBpbQidTr46q1Ib6MFzW4VHYTlKokuX6TNO4JA=
github.com/aws/aws-sdk-go-v2/service/apigateway v1.40.7/go.mod h1:JwEuqEXQIOoObLDCADjmobWzZbJTSWTypRmrHVqv1j8=
github.com/aws/aws-sdk-go-v2/service/apigatewayv2 v1.35.7 h1:xNOLELTKwhpEYf3+d4GCrqveUaNPqABNrF1vk6elKs4=
github.com/aws/aws-sdk-go-v2/service/apigatewayv2 v1.35.7/go.mod h1:WoLzXR3e7cAkUKZAmBTE4k5g5TeHFGAOAyyHD4r33vs=
github.com/aws/aws-sdk-go-v2/service/batch v1.66.1 h1:ZuuXpCiRMCRHHSfyVRSrpBbJ2y0dJax9YvEPz8b5DLs=
github.com/aws/aws-sdk-go-v2/service/batch v1.66.1/go.mod h1:PcfGh6couv2ZOZSSdPqbkXM+RuUrwpxeLqSQC3x7ofc=
github.com/aws/aws-sdk-go-v2/service/cloudformation v1.72.2 h1:obhTLdeYOb4GwOrQ75370Lt3NwX3hy2T0mPLU/H4ARE=
github.com/aws/aws-sdk-go-v2/service/cloudformation v1.72.2/go.mod h1:67kQqAVkI9zNMo9kj1ca5RQvsDczK6xKCXrXn7ObZA8=
github.com/aws/aws-sdk-go-v2/service/cloudfront v1.65.3 h1:zG3k8XLXmJ5GcFLHjU5NioI9qNrNKhZNK5EcpwJQwEc=
github.com/aws/aws-sdk-go-v2/service/cloudfront v1.65.3/go.mod h1:rVFXjLSku4g0zfriDSkI1sdUGEJAjnmlPDqOnIFGZJ0=
github.com/aws/aws-sdk-go-v2/service/cloudwatch v1.60.0 h1:3Mok07BOs8IcpJy8ddf4K4JQHQCKIVwdlWC+tXVKn+M=
github.com/aws/aws-sdk-go-v2/service/cloudwatch v1.60.0/go.mod h1:tsfAcBcMTF2G9UirQTP1In3DrkNO16SyUU527NPLPhs=
github.com/aws/aws-sdk-go-v2/service/cloudwatchlogs v1.78.1 h1:hKPJ9QhF+pLDq0HgUfn+NnZ+EQ1UIl/aK4OSI+WJug0=
github.com/aws/aws-sdk-go-v2/service/cloudwatchlogs v1.78.1/go.mod h1:N336OxQ6TvRbb6V1esVE8PtQFU86YvYaS+lVjsJTmP0=
github.com/aws/aws-sdk-go-v2/service/cognitoidentity v1.34.5 h1:2QYjCmxE0IRH0Yb1Hi6gQyw3az7r3zN4RO78axd4Or4=
github.com/aws/aws-sdk-go-v2/service/cognitoidentity v1.34.5/go.mod h1:bCX6lcNB2cluVdICB1gzNckz2GH3V6lwrD2cVTMo9fY=
github.com/aws/aws-sdk-go-v2/service/cognitoidentityprovider v1.62.1 h1:U/pvit2NT+AQcQwUHOX0m+KZzZ1x/48gZV+8NDCadd0=
github.com/aws/aws-sdk-go-v2/service/cognitoidentityprovider v1.62.1/go.mod h1:fhiInRlq2MkbUqzDYoWLF+dE/NdEg24s9TML5FcSwhA=
github.com/aws/aws-sdk-go-v2/service/dynamodb v1.59.1 h1:GaRPmlTeDxjnp6XipIV4b69PJalB59DcMMClFJeHeMw=
github.com/aws/aws-sdk-go-v2/service/dynamodb v1.59.1/go.mod h1:jLkDwIDBkCIpiENQhAOjAR2L9jwj56mZgVEvuro4gUE=
github.com/aws/aws-sdk-go-v2/service/ec2 v1.309.0 h1:EbH2TwewsTELQjHa6+7NcE76BxATJxmUgzZL9tvqBR0=
github.com/aws/aws-sdk-go-v2/service/ec2 v1.309.0/go.mod h1:8mrDF7OtbuL0QpwP4YCvLuoOE4/5lL7D33MXgp069/Y=
github.com/aws/aws-sdk-go-v2/service/ecr v1.58.5 h1:y6KxDUTvYd43ODh5o00oPSOTL6RP+aqWHfYDoElCy7Q=
github.com/aws/aws-sdk-go-v2/service/ecr v1.58.5/go.mod h1:7VJFM2lSPHz2I1rRb0a+lbphoOp7hXIgYjGhSTOLY7k=
github.com/aws/aws-sdk-go-v2/service/ecs v1.86.0 h1:gV0k3qfPxGKyQVeACphrJl0k/uYRCvBp/E7VpDvCnp0=
github.com/aws/aws-sdk-go-v2/service/ecs v1.86.0/go.mod h1:0vahPCh3slyORHbSuAP8YDyJKLEUQAMX7+bzYGxEnVI=
github.com/aws/aws-sdk-go-v2/service/efs v1.42.2 h1:3WaUQ5xpcAcI1uW3oOBLUzVzW94ytD7DWgIccLZ5AAA=
github.com/aws/aws-sdk-go-v2/service/efs v1.42.2/go.mod h1:AMhRvE41tgqPUU9hqtyCw8ektaKSnKbm10kyX9xL+FQ=
github.com/aws/aws-sdk-go-v2/service/elasticache v1.54.4 h1:AqOUueUBBsFUt//8wVEVp2QMkjVmXO0C8fY/0OohBg4=
github.com/aws/aws-sdk-go-v2/service/elasticache v1.54.4/go.mod h1:nsMdHtF/ned4F5GCAfoerJaa/Q6cx+G+WYNsb/TFN7Q=
github.com/aws/aws-sdk-go-v2/service/elasticloadbalancingv2 v1.55.5 h1:tEWkZW08+2cM3BPhymRzo2dEz2aWyHkQzT9av4eIMig=
github.com/aws/aws-sdk-go-v2/service/elasticloadbalancingv2 v1.55.5/go.mod h1:sUBnPF4iTc3KaCTIbLTr8xXjsnw8J0kXwr0nPCaAK3I=
github.com/aws/aws-sdk-go-v2/service/eventbridge v1.46.7 h1:metm+a4K8nYBpdkq2KvLdhdJKxn5wjVM/nd5hXdgMgM=
github.com/aws/aws-sdk-go-v2/service/eventbridge v1.46.7/go.mod h1:Ahoy85HXn2dWwT4hseCxPS1USL9mowNWKlN1sdjcKxs=
github.com/aws/aws-sdk-go-v2/service/firehose v1.44.1 h1:zSiKXj2I1rVflys9K7mzk8UZIJX3TTo7NPpf9y5xyRI=
github.com/aws/aws-sdk-go-v2/service/firehose v1.44.1/go.mod h1:/nsZWAG30JZpqIYSvwyMZ80N/vODYxWO1V6+UCep6ug=
github.com/aws/aws-sdk-go-v2/service/glue v1.147.0 h1:7BcqlZ1nbbHoE1H4RaLWsqOFmlwG7NVf0p1NSg+nj10=
github.com/aws/aws-sdk-go-v2/service/glue v1.147.0/go.mod h1:cPV3sb+zsvCS8gCgOubuCIN2uWMeFrwgJTr8C1sDspg=
github.com/aws/aws-sdk-go-v2/service/iam v1.54.6 h1:r1K38WGrJjMa+Dm3fraAv9grR4vSd65djeMCudsALeg=
github.com/aws/aws-sdk-go-v2/service/iam v1.54.6/go.mod h1:tMNzI+fYFCk4cIdZ7FEybLzShwnmWkfxQw85ED1b4ng=
github.com/aws/aws-sdk-go-v2/service/internal/accept-encoding v1.13.12 h1:ZD2+BSw9vFsNlKYIasSNt3uDbjqqXIBcM13UJv/Lx2k=
github.com/aws/aws-sdk-go-v2/service/internal/accept-encoding v1.13.12/go.mod h1:Ms4zlcVBbXbiP7EVLhl+lgjvA/a7YphqQ3Ih3174EmI=
github.com/aws/aws-sdk-go-v2/service/internal/checksum v1.9.22 h1:V51LGlOq/1VsDsHUdoklAQi7rMmx4qQubvFYAlP2254=
github.com/aws/aws-sdk-go-v2/service/internal/checksum v1.9.22/go.mod h1:4Pzhyz8hJOm2bepgl+NjvRx8vlUFAIIvJnZ/MkcNPpU=
github.com/aws/aws-sdk-go-v2/service/internal/endpoint-discovery v1.12.6 h1:Bs2OwYq0HBgHYwfGmUwYIPtTNaGMGAHkRje4jmW2VoI=
github.com/aws/aws-sdk-go-v2/service/internal/endpoint-discovery v1.12.6/go.mod h1:OTctu4cW8t7/TRlTKPLT6akzyOkfceMWhtEHqtYDIQQ=
github.com/aws/aws-sdk-go-v2/service/internal/presigned-url v1.13.29 h1:DRebniUGZ2MqiiIVmQJ04vIXr918hubdHMnarSLEWyU=
github.com/aws/aws-sdk-go-v2/service/internal/presigned-url v1.13.29/go.mod h1:LfRkPCD8YHDM2E5eTkos2UpwYeZnBcVarTa8L59bJHA=
github.com/aws/aws-sdk-go-v2/service/internal/s3shared v1.19.30 h1:4HbXxyipSYxexU0juMIpdS05dilL6dbB2VQHxxN2vGU=
github.com/aws/aws-sdk-go-v2/service/internal/s3shared v1.19.30/go.mod h1:G7RP+uhagpKtKhd1BM9N6JQqjCcGEU47K5lBVZQyRQw=
github.com/aws/aws-sdk-go-v2/service/kinesis v1.44.3 h1:zI4EjxF5qEFC1a4MYo83ZnXQgo6LJDUthLMS/UxC9Kg=
github.com/aws/aws-sdk-go-v2/service/kinesis v1.44.3/go.mod h1:XMTQUQroGEYrkxh3Ns1g6P5TTka2oY0KzlNkxAW865c=
github.com/aws/aws-sdk-go-v2/service/kms v1.53.5 h1:yOEOMI7xAN3kOC3wp+RP5V7lJWOoFKV+6DMy9GsCXzg=
github.com/aws/aws-sdk-go-v2/service/kms v1.53.5/go.mod h1:3EeKyDGPGSCEphG2OolwNGNF45RvQIfm27AYYpfEWrw=
github.com/aws/aws-sdk-go-v2/service/lambda v1.94.0 h1:q3Hgw/pGOnM3wz7PsvoDrt+tAJHVsioBeqIF4zrPXjQ=
github.com/aws/aws-sdk-go-v2/service/lambda v1.94.0/go.mod h1:3bF6WydfupDwCv8Q3g/Flt89341w/+NObn+KdQmLA60=
github.com/aws/aws-sdk-go-v2/service/quicksight v1.115.1 h1:EDWEzU6kFulkN0Rl0T2SsuUJVeYzaHE8YEnhfmPfZJg=
github.com/aws/aws-sdk-go-v2/service/quicksight v1.115.1/go.mod h1:5lLhyi3JRJ0RZbP6uWBKSeG2OWRNpNafHrG/p/oCqZY=
github.com/aws/aws-sdk-go-v2/service/rds v1.119.4 h1:on9PiAL5ucRg9t17cecI/NagAUVH6zVv2sItyZyq/I0=
github.com/aws/aws-sdk-go-v2/service/rds v1.119.4/go.mod h1:zCRPUdp05FEZG3OO7LmJq9xkSDjMEhkiVrZV0oJs2a0=
github.com/aws/aws-sdk-go-v2/service/redshift v1.63.4 h1:sL6L/Mq8EHNJFyHYbCs3TJ0eV1Q9Plrp4FxbFCTFdQM=
github.com/aws/aws-sdk-go-v2/service/redshift v1.63.4/go.mod h1:/J3w2Q34Bo7iPfti+eu9Y8OGjgn0/1j7BbwQItUQxW0=
github.com/aws/aws-sdk-go-v2/service/route53 v1.63.4 h1:T/KkSwLAyb6VNY1P35TIpD/ZAkDldbc1mbbZO/VygdE=
github.com/aws/aws-sdk-go-v2/service/route53 v1.63.4/go.mod h1:JfPmtoq6Zl78Wuf0nIzcwRlFU34xUPIMaX2x3lHRIGI=
github.com/aws/aws-sdk-go-v2/service/s3 v1.104.1 h1:yb03KevaOAG5e8suo79Af74vjIQvoeKmjl79WQchLrs=
github.com/aws/aws-sdk-go-v2/service/s3 v1.104.1/go.mod h1:mreYODw0Y4yv7xeczvqC6vciwFao8lPE9k1l1ulfY6E=
github.com/aws/aws-sdk-go-v2/service/scheduler v1.18.8 h1:sFu/Es4KoV6kwaUTblMiQX3Ug4NiHHt1tLtzQyTQKBQ=
github.com/aws/aws-sdk-go-v2/service/scheduler v1.18.8/go.mod h1:Z6XrFAHEJAyZCbSY6naL6cylzYJunhoazrtk7qHpfdA=
github.com/aws/aws-sdk-go-v2/service/secretsmanager v1.42.4 h1:XHVMX+j7tHjbPD9uaT2Do4l8JRxWhHWqbMvTRsLI5wM=
github.com/aws/aws-sdk-go-v2/service/secretsmanager v1.42.4/go.mod h1:9DKRlwDCw2OUDlyCIFcQCroL5M0mQTUU9qW8JEDcXmI=
github.com/aws/aws-sdk-go-v2/service/sesv2 v1.62.5 h1:EJF5uLH1dCMiFzeSheqfMokRKEBPWJ4SHU3CQlYQR40=
github.com/aws/aws-sdk-go-v2/service/sesv2 v1.62.5/go.mod h1:pPfcguG4y24CV1iQeejOJ8MRkTMFqHtxc8/Lmklv4gY=
github.com/aws/aws-sdk-go-v2/service/sfn v1.43.1 h1:uvjpbiCZIC1bHmEok/tZZhh331wPfKOEJeqKAb3W8O4=
github.com/aws/aws-sdk-go-v2/service/sfn v1.43.1/go.mod h1:1NbpT9JPgZOK8wMEW59ZsQEoSM4a2rpQQKJOElRbG6U=
github.com/aws/aws-sdk-go-v2/service/signin v1.2.1 h1:BeJmkm5YOZs6lGRGcNoIuLSoTTtGLLCEqlSiRKYodfM=
github.com/aws/aws-sdk-go-v2/service/signin v1.2.1/go.mod h1:LxYujSTLPRlp2vTtcUO/+1ilrew8ytt6SvQyOgejzFQ=
github.com/aws/aws-sdk-go-v2/service/sns v1.40.2 h1:00dZG/qsR/Uwn5SSF6DKnV2uazRaI8JA7kS+nV4sg30=
github.com/aws/aws-sdk-go-v2/service/sns v1.40.2/go.mod h1:V9szvM64GdG5VJUeDRstvLmt/ozgWiSNg3gYnp3mSkk=
github.com/aws/aws-sdk-go-v2/service/sqs v1.44.1 h1:Iu9jGoXkvMGZJ7kJLruiPkNQ964pvuqYdoClTMIkj8M=
github.com/aws/aws-sdk-go-v2/service/sqs v1.44.1/go.mod h1:d7eKytKiwDFJeNAP4VWo47VCiNM9z539tkoCGJ6PjXw=
github.com/aws/aws-sdk-go-v2/service/sso v1.31.4 h1:i465b/3c7xJd++pobNIDOggouekCuiWOnB0goQJy+94=
github.com/aws/aws-sdk-go-v2/service/sso v1.31.4/go.mod h1:Lk7PlmoTYryQmyBG0EXqj5BcUbj3whXdU2s3yGI3EAc=
github.com/aws/aws-sdk-go-v2/service/ssooidc v1.36.7 h1:xbmJAnBbyYPkTzoCNCF/bpJ6ymQHRdXX1vquYfDIGYk=
github.com/aws/aws-sdk-go-v2/service/ssooidc v1.36.7/go.mod h1:Q5N6icH+KJZDLh+ESNwzdv6cZ6vLFF/egy3IOxWhmz4=
github.com/aws/aws-sdk-go-v2/service/sts v1.43.4 h1:Np0vmL7op0Zs5xGacYMMX3v5O5pvZ46xhb5LwDgPj8M=
github.com/aws/aws-sdk-go-v2/service/sts v1.43.4/go.mod h1:r8wkDOuLaaMFqFiYAb8dGY2A3gJCOujMc6CFOVC4Zhc=
github.com/aws/aws-sdk-go-v2/service/transfer v1.73.4 h1:CB5kDv1XmD1gQHVCjaKPp/X6YviRyqcS0mMaih2e7ww=
github.com/aws/aws-sdk-go-v2/service/transfer v1.73.4/go.mod h1:63aw6tjtHyLuKFPA2LEMrqkIS9DT7WCbCY2VkJRQesQ=
github.com/aws/aws-sdk-go-v2/service/wafv2 v1.74.0 h1:LCsWoDXNbDhf4hG1LIpEKU5HZgRqvvFLczmXioJ0n9U=
github.com/aws/aws-sdk-go-v2/service/wafv2 v1.74.0/go.mod h1:3uef1mwfbGCHd6CEabvCnsGfM2qjkJWaomRZ6OYj9Kk=
github.com/aws/smithy-go v1.27.1 h1:4T340VFndXtADGF52gYa1POyL7s9E4Z1OeZ1hCscIw8=
github.com/aws/smithy-go v1.27.1/go.mod h1:YE2RhdIuDbA5E5bTdciG9KrW3+TiEONeUWCqxX9i1Fc=
github.com/davecgh/go-spew v1.1.1 h1:vj9j/u1bqnvCEfJOwUhtlOARqs3+rkHYY13jYWTU97c=
github.com/davecgh/go-spew v1.1.1/go.mod h1:J7Y8YcW2NihsgmVo/mv3lAwl/skON4iLHjSsI+c5H38=
github.com/jackc/pgpassfile v1.0.0 h1:/6Hmqy13Ss2zCq62VdNG8tM1wchn8zjSGOBJ6icpsIM=
github.com/jackc/pgpassfile v1.0.0/go.mod h1:CEx0iS5ambNFdcRtxPj5JhEz+xB6uRky5eyVu/W2HEg=
github.com/jackc/pgservicefile v0.0.0-20240606120523-5a60cdf6a761 h1:iCEnooe7UlwOQYpKFhBabPMi4aNAfoODPEFNiAnClxo=
github.com/jackc/pgservicefile v0.0.0-20240606120523-5a60cdf6a761/go.mod h1:5TJZWKEWniPve33vlWYSoGYefn3gLQRzjfDlhSJ9ZKM=
github.com/jackc/pgx/v5 v5.9.2 h1:3ZhOzMWnR4yJ+RW1XImIPsD1aNSz4T4fyP7zlQb56hw=
github.com/jackc/pgx/v5 v5.9.2/go.mod h1:mal1tBGAFfLHvZzaYh77YS/eC6IX9OWbRV1QIIM0Jn4=
github.com/jackc/puddle/v2 v2.2.2 h1:PR8nw+E/1w0GLuRFSmiioY6UooMp6KJv0/61nB7icHo=
github.com/jackc/puddle/v2 v2.2.2/go.mod h1:vriiEXHvEE654aYKXXjOvZM39qJ0q+azkZFrfEOc3H4=
github.com/jinzhu/inflection v1.0.0 h1:K317FqzuhWc8YvSVlFMCCUb36O/S9MCKRDI7QkRKD/E=
github.com/jinzhu/inflection v1.0.0/go.mod h1:h+uFLlag+Qp1Va5pdKtLDYj+kHp5pxUVkryuEj+Srlc=
github.com/jinzhu/now v1.1.5 h1:/o9tlHleP7gOFmsnYNz3RGnqzefHA47wQpKrrdTIwXQ=
github.com/jinzhu/now v1.1.5/go.mod h1:d3SSVoowX0Lcu0IBviAWJpolVfI5UJVZZ7cO71lE/z8=
github.com/pmezard/go-difflib v1.0.0 h1:4DBwDE0NGyQoBHbLQYPwSUPoCMWR5BEzIk/f1lZbAQM=
github.com/pmezard/go-difflib v1.0.0/go.mod h1:iKH77koFhYxTK1pcRnkKkqfTogsbg7gZNVY4sRDYZ/4=
github.com/sirupsen/logrus v1.9.4 h1:TsZE7l11zFCLZnZ+teH4Umoq5BhEIfIzfRDZ1Uzql2w=
github.com/sirupsen/logrus v1.9.4/go.mod h1:ftWc9WdOfJ0a92nsE2jF5u5ZwH8Bv2zdeOC42RjbV2g=
github.com/stretchr/objx v0.5.3 h1:jmXUvGomnU1o3W/V5h2VEradbpJDwGrzugQQvL0POH4=
github.com/stretchr/objx v0.5.3/go.mod h1:rDQraq+vQZU7Fde9LOZLr8Tax6zZvy4kuNKF+QYS+U0=
github.com/stretchr/testify v1.11.1 h1:7s2iGBzp5EwR7/aIZr8ao5+dra3wiQyKjjFuvgVKu7U=
github.com/stretchr/testify v1.11.1/go.mod h1:wZwfW3scLgRK+23gO65QZefKpKQRnfz6sD981Nm4B6U=
github.com/urfave/cli/v3 v3.10.1 h1:7Kx9H50hrHbRbyxgO1KP6/BcbiGRz0uYh5YyQ30JEEY=
github.com/urfave/cli/v3 v3.10.1/go.mod h1:ysVLtOEmg2tOy6PknnYVhDoouyC/6N42TMeoMzskhso=
github.com/y-miyazaki/go-common v0.10.4 h1:pXE+RZnXb0Ok1CTpp5WCRvwS+l9PbQ/H99ki2CZdcBQ=
github.com/y-miyazaki/go-common v0.10.4/go.mod h1:z6SBZjwLiGjc73TsbOvSVWjUl9BjmncXb/FB3AUFq68=
go.uber.org/goleak v1.3.0 h1:2K3zAYmnTNqV73imy9J1T3WC+gmCePx2hEGkimedGto=
go.uber.org/goleak v1.3.0/go.mod h1:CoHD4mav9JJNrW/WLlf7HGZPjdw8EucARQHekz1X6bE=
go.uber.org/multierr v1.11.0 h1:blXXJkSxSSfBVBlC76pxqeO+LN3aDfLQo+309xJstO0=
go.uber.org/multierr v1.11.0/go.mod h1:20+QtiLqy0Nd6FdQB9TLXag12DsQkrbs3htMFfDN80Y=
go.uber.org/zap v1.28.0 h1:IZzaP1Fv73/T/pBMLk4VutPl36uNC+OSUh3JLG3FIjo=
go.uber.org/zap v1.28.0/go.mod h1:rDLpOi171uODNm/mxFcuYWxDsqWSAVkFdX4XojSKg/Q=
go.yaml.in/yaml/v3 v3.0.4 h1:tfq32ie2Jv2UxXFdLJdh3jXuOzWiL1fo0bu/FbuKpbc=
go.yaml.in/yaml/v3 v3.0.4/go.mod h1:DhzuOOF2ATzADvBadXxruRBLzYTpT36CKvDb3+aBEFg=
golang.org/x/sync v0.21.0 h1:HLII4xRRTtCRkxYp4HNFF0Js/Og6q2i++KXbg0gHCwM=
golang.org/x/sync v0.21.0/go.mod h1:9xrNwdLfx4jkKbNva9FpL6vEN7evnE43NNNJQ2LF3+0=
golang.org/x/sys v0.46.0 h1:noSf2Fq6F8DBgS+LysIkx7rIExoNHJsxOAtPp4rthXw=
golang.org/x/sys v0.46.0/go.mod h1:4GL1E5IUh+htKOUEOaiffhrAeqysfVGipDYzABqnCmw=
golang.org/x/text v0.38.0 h1:sXmwo9DwP3OK9EZ7PqAdaooSGozfl/3a6/xJcbzPRhE=
golang.org/x/text v0.38.0/go.mod h1:YXZt3QhHUKYT53r2lLKFIVi6Ao1jdzrTR/KQ09qyxF4=
gopkg.in/check.v1 v0.0.0-20161208181325-20d25e280405 h1:yhCVgyC4o1eVCa2tZl7eS0r+SDo693bJlVdllGtEeKM=
gopkg.in/check.v1 v0.0.0-20161208181325-20d25e280405/go.mod h1:Co6ibVJAznAaIkqp8huTwlJQCZ016jof/cbN4VW5Yz0=
gopkg.in/yaml.v3 v3.0.1 h1:fxVm/GzAzEWqLHuvctI91KS9hhNmmWOoWu0XTYJS7CA=
gopkg.in/yaml.v3 v3.0.1/go.mod h1:K4uyk7z7BCEPqu6E+C64Yfv1cQ7kz7rIZviUmN+EgEM=
gorm.io/driver/postgres v1.6.0 h1:2dxzU8xJ+ivvqTRph34QX+WrRaJlmfyPqXmoGVjMBa4=
gorm.io/driver/postgres v1.6.0/go.mod h1:vUw0mrGgrTK+uPHEhAdV4sfFELrByKVGnaVRkXDhtWo=
gorm.io/gorm v1.31.1 h1:7CA8FTFz/gRfgqgpeKIBcervUn3xSyPUmr6B2WXJ7kg=
gorm.io/gorm v1.31.1/go.mod h1:XyQVbO2k6YkOis7C2437jSit3SsDK72s7n7rsSHd+Gs=
